// !$*UTF8*$!
{
	archiveVersion = 1;
	classes = {
	};
	objectVersion = 46;
	objects = {

/* Begin PBXBuildFile section */
		5C10A4391CB7F21F003FE682 /* main.m in Sources */ = {isa = PBXBuildFile; fileRef = 5C10A4381CB7F21F003FE682 /* main.m */; };
		5C10A44B1CB80D8B003FE682 /* Assets.xcassets in Resources */ = {isa = PBXBuildFile; fileRef = 5C10A44A1CB80D8B003FE682 /* Assets.xcassets */; };
		5C10A44E1CB80DC1003FE682 /* CTAppDelegate.m in Sources */ = {isa = PBXBuildFile; fileRef = 5C10A44D1CB80DC1003FE682 /* CTAppDelegate.m */; };
		5C10A4541CB80E7D003FE682 /* Main.storyboard in Resources */ = {isa = PBXBuildFile; fileRef = 5C10A4531CB80E7D003FE682 /* Main.storyboard */; };
		5C10A4571CB812D9003FE682 /* CTConnectionScreenController.m in Sources */ = {isa = PBXBuildFile; fileRef = 5C10A4561CB812D9003FE682 /* CTConnectionScreenController.m */; };
		5C10A45B1CB819F6003FE682 /* CTArduinoService.m in Sources */ = {isa = PBXBuildFile; fileRef = 5C10A45A1CB819F6003FE682 /* CTArduinoService.m */; };
		5CFE376A1CB8D91C00479F69 /* CTRepeatTimer.m in Sources */ = {isa = PBXBuildFile; fileRef = 5CFE37691CB8D91C00479F69 /* CTRepeatTimer.m */; };
		5CFE376D1CB8DDA300479F69 /* CTStartGameScreenController.m in Sources */ = {isa = PBXBuildFile; fileRef = 5CFE376C1CB8DDA300479F69 /* CTStartGameScreenController.m */; };
		5CFE37711CB8DDE500479F69 /* CTNetworkService.m in Sources */ = {isa = PBXBuildFile; fileRef = 5CFE37701CB8DDE500479F69 /* CTNetworkService.m */; };
		5CFE37761CB8F2F200479F69 /* CTSession.m in Sources */ = {isa = PBXBuildFile; fileRef = 5CFE37751CB8F2F200479F69 /* CTSession.m */; };
		5CFE377A1CB9001A00479F69 /* CTUser.m in Sources */ = {isa = PBXBuildFile; fileRef = 5CFE37791CB9001A00479F69 /* CTUser.m */; };
		5CFE377D1CB9002400479F69 /* CTGame.m in Sources */ = {isa = PBXBuildFile; fileRef = 5CFE377C1CB9002400479F69 /* CTGame.m */; };
		5CFE37A21CB91D7500479F69 /* CTShot.m in Sources */ = {isa = PBXBuildFile; fileRef = 5CFE37A11CB91D7500479F69 /* CTShot.m */; };
		5CFE37A51CB91FEC00479F69 /* CTBaseController.m in Sources */ = {isa = PBXBuildFile; fileRef = 5CFE37A41CB91FEC00479F69 /* CTBaseController.m */; };
		5CFE37A91CB928FF00479F69 /* CTGameStatusScreenController.m in Sources */ = {isa = PBXBuildFile; fileRef = 5CFE37A71CB928FF00479F69 /* CTGameStatusScreenController.m */; };
		69E2A8A3A15A68471210CA02 /* libPods.a in Frameworks */ = {isa = PBXBuildFile; fileRef = 1A5A6EFF586C42B1303B3467 /* libPods.a */; };
/* End PBXBuildFile section */

/* Begin PBXFileReference section */
		0B4ED1C9F245A62A72CAAFB7 /* Pods.release.xcconfig */ = {isa = PBXFileReference; includeInIndex = 1; lastKnownFileType = text.xcconfig; name = Pods.release.xcconfig; path = "Pods/Target Support Files/Pods/Pods.release.xcconfig"; sourceTree = "<group>"; };
		1A5A6EFF586C42B1303B3467 /* libPods.a */ = {isa = PBXFileReference; explicitFileType = archive.ar; includeInIndex = 0; path = libPods.a; sourceTree = BUILT_PRODUCTS_DIR; };
		1CBAF2376CB93C4E5BB929F3 /* Pods.debug.xcconfig */ = {isa = PBXFileReference; includeInIndex = 1; lastKnownFileType = text.xcconfig; name = Pods.debug.xcconfig; path = "Pods/Target Support Files/Pods/Pods.debug.xcconfig"; sourceTree = "<group>"; };
		5C10A4311CB7F21F003FE682 /* CheckpointTerminal.app */ = {isa = PBXFileReference; explicitFileType = wrapper.application; includeInIndex = 0; path = CheckpointTerminal.app; sourceTree = BUILT_PRODUCTS_DIR; };
		5C10A4381CB7F21F003FE682 /* main.m */ = {isa = PBXFileReference; lastKnownFileType = sourcecode.c.objc; path = main.m; sourceTree = "<group>"; };
		5C10A4421CB7F21F003FE682 /* Info.plist */ = {isa = PBXFileReference; lastKnownFileType = text.plist.xml; path = Info.plist; sourceTree = "<group>"; };
		5C10A44A1CB80D8B003FE682 /* Assets.xcassets */ = {isa = PBXFileReference; lastKnownFileType = folder.assetcatalog; path = Assets.xcassets; sourceTree = "<group>"; };
		5C10A44C1CB80DC1003FE682 /* CTAppDelegate.h */ = {isa = PBXFileReference; fileEncoding = 4; lastKnownFileType = sourcecode.c.h; path = CTAppDelegate.h; sourceTree = "<group>"; };
		5C10A44D1CB80DC1003FE682 /* CTAppDelegate.m */ = {isa = PBXFileReference; fileEncoding = 4; lastKnownFileType = sourcecode.c.objc; path = CTAppDelegate.m; sourceTree = "<group>"; };
		5C10A4531CB80E7D003FE682 /* Main.storyboard */ = {isa = PBXFileReference; fileEncoding = 4; lastKnownFileType = file.storyboard; path = Main.storyboard; sourceTree = "<group>"; };
		5C10A4551CB812D9003FE682 /* CTConnectionScreenController.h */ = {isa = PBXFileReference; fileEncoding = 4; lastKnownFileType = sourcecode.c.h; path = CTConnectionScreenController.h; sourceTree = "<group>"; };
		5C10A4561CB812D9003FE682 /* CTConnectionScreenController.m */ = {isa = PBXFileReference; fileEncoding = 4; lastKnownFileType = sourcecode.c.objc; path = CTConnectionScreenController.m; sourceTree = "<group>"; };
		5C10A4591CB819F6003FE682 /* CTArduinoService.h */ = {isa = PBXFileReference; fileEncoding = 4; lastKnownFileType = sourcecode.c.h; path = CTArduinoService.h; sourceTree = "<group>"; };
		5C10A45A1CB819F6003FE682 /* CTArduinoService.m */ = {isa = PBXFileReference; fileEncoding = 4; lastKnownFileType = sourcecode.c.objc; path = CTArduinoService.m; sourceTree = "<group>"; };
		5CFE37681CB8D91C00479F69 /* CTRepeatTimer.h */ = {isa = PBXFileReference; fileEncoding = 4; lastKnownFileType = sourcecode.c.h; path = CTRepeatTimer.h; sourceTree = "<group>"; };
		5CFE37691CB8D91C00479F69 /* CTRepeatTimer.m */ = {isa = PBXFileReference; fileEncoding = 4; lastKnownFileType = sourcecode.c.objc; path = CTRepeatTimer.m; sourceTree = "<group>"; };
		5CFE376B1CB8DDA300479F69 /* CTStartGameScreenController.h */ = {isa = PBXFileReference; fileEncoding = 4; lastKnownFileType = sourcecode.c.h; path = CTStartGameScreenController.h; sourceTree = "<group>"; };
		5CFE376C1CB8DDA300479F69 /* CTStartGameScreenController.m */ = {isa = PBXFileReference; fileEncoding = 4; lastKnownFileType = sourcecode.c.objc; path = CTStartGameScreenController.m; sourceTree = "<group>"; };
		5CFE376F1CB8DDE500479F69 /* CTNetworkService.h */ = {isa = PBXFileReference; fileEncoding = 4; lastKnownFileType = sourcecode.c.h; path = CTNetworkService.h; sourceTree = "<group>"; };
		5CFE37701CB8DDE500479F69 /* CTNetworkService.m */ = {isa = PBXFileReference; fileEncoding = 4; lastKnownFileType = sourcecode.c.objc; path = CTNetworkService.m; sourceTree = "<group>"; };
		5CFE37721CB8F13800479F69 /* CTPrefix.pch */ = {isa = PBXFileReference; lastKnownFileType = sourcecode.c.h; path = CTPrefix.pch; sourceTree = "<group>"; };
		5CFE37741CB8F2F200479F69 /* CTSession.h */ = {isa = PBXFileReference; fileEncoding = 4; lastKnownFileType = sourcecode.c.h; path = CTSession.h; sourceTree = "<group>"; };
		5CFE37751CB8F2F200479F69 /* CTSession.m */ = {isa = PBXFileReference; fileEncoding = 4; lastKnownFileType = sourcecode.c.objc; path = CTSession.m; sourceTree = "<group>"; };
		5CFE37781CB9001A00479F69 /* CTUser.h */ = {isa = PBXFileReference; fileEncoding = 4; lastKnownFileType = sourcecode.c.h; path = CTUser.h; sourceTree = "<group>"; };
		5CFE37791CB9001A00479F69 /* CTUser.m */ = {isa = PBXFileReference; fileEncoding = 4; lastKnownFileType = sourcecode.c.objc; path = CTUser.m; sourceTree = "<group>"; };
		5CFE377B1CB9002400479F69 /* CTGame.h */ = {isa = PBXFileReference; fileEncoding = 4; lastKnownFileType = sourcecode.c.h; path = CTGame.h; sourceTree = "<group>"; };
		5CFE377C1CB9002400479F69 /* CTGame.m */ = {isa = PBXFileReference; fileEncoding = 4; lastKnownFileType = sourcecode.c.objc; path = CTGame.m; sourceTree = "<group>"; };
		5CFE37A01CB91D7500479F69 /* CTShot.h */ = {isa = PBXFileReference; fileEncoding = 4; lastKnownFileType = sourcecode.c.h; path = CTShot.h; sourceTree = "<group>"; };
		5CFE37A11CB91D7500479F69 /* CTShot.m */ = {isa = PBXFileReference; fileEncoding = 4; lastKnownFileType = sourcecode.c.objc; path = CTShot.m; sourceTree = "<group>"; };
		5CFE37A31CB91FEC00479F69 /* CTBaseController.h */ = {isa = PBXFileReference; fileEncoding = 4; lastKnownFileType = sourcecode.c.h; path = CTBaseController.h; sourceTree = "<group>"; };
		5CFE37A41CB91FEC00479F69 /* CTBaseController.m */ = {isa = PBXFileReference; fileEncoding = 4; lastKnownFileType = sourcecode.c.objc; path = CTBaseController.m; sourceTree = "<group>"; };
		5CFE37A61CB928FF00479F69 /* CTGameStatusScreenController.h */ = {isa = PBXFileReference; fileEncoding = 4; lastKnownFileType = sourcecode.c.h; path = CTGameStatusScreenController.h; sourceTree = "<group>"; };
		5CFE37A71CB928FF00479F69 /* CTGameStatusScreenController.m */ = {isa = PBXFileReference; fileEncoding = 4; lastKnownFileType = sourcecode.c.objc; path = CTGameStatusScreenController.m; sourceTree = "<group>"; };
/* End PBXFileReference section */

/* Begin PBXFrameworksBuildPhase section */
		5C10A42E1CB7F21F003FE682 /* Frameworks */ = {
			isa = PBXFrameworksBuildPhase;
			buildActionMask = 2147483647;
			files = (
				69E2A8A3A15A68471210CA02 /* libPods.a in Frameworks */,
			);
			runOnlyForDeploymentPostprocessing = 0;
		};
/* End PBXFrameworksBuildPhase section */

/* Begin PBXGroup section */
		4C9A0250A4C600033D01AC7D /* Frameworks */ = {
			isa = PBXGroup;
			children = (
				1A5A6EFF586C42B1303B3467 /* libPods.a */,
			);
			name = Frameworks;
			sourceTree = "<group>";
		};
		5C10A4281CB7F21F003FE682 = {
			isa = PBXGroup;
			children = (
				5C10A4331CB7F21F003FE682 /* CheckpointTerminal */,
				5C10A4321CB7F21F003FE682 /* Products */,
				C1ABB10FFB934CCE07F20EAF /* Pods */,
				4C9A0250A4C600033D01AC7D /* Frameworks */,
			);
			sourceTree = "<group>";
		};
		5C10A4321CB7F21F003FE682 /* Products */ = {
			isa = PBXGroup;
			children = (
				5C10A4311CB7F21F003FE682 /* CheckpointTerminal.app */,
			);
			name = Products;
			sourceTree = "<group>";
		};
		5C10A4331CB7F21F003FE682 /* CheckpointTerminal */ = {
			isa = PBXGroup;
			children = (
				5C10A4481CB80D0C003FE682 /* Delegate */,
				5CFE37771CB9001000479F69 /* Entities */,
				5CFE376E1CB8DDD200479F69 /* NetworkService */,
				5CFE37731CB8F2D800479F69 /* Session */,
				5C10A4581CB817D2003FE682 /* ArduinoService */,
				5C10A44F1CB80E0C003FE682 /* Screens */,
				5CFE37671CB8D91C00479F69 /* Timer */,
				5C10A4491CB80D8B003FE682 /* Resources */,
				5C10A4371CB7F21F003FE682 /* Supporting Files */,
			);
			path = CheckpointTerminal;
			sourceTree = "<group>";
		};
		5C10A4371CB7F21F003FE682 /* Supporting Files */ = {
			isa = PBXGroup;
			children = (
				5C10A4421CB7F21F003FE682 /* Info.plist */,
				5C10A4381CB7F21F003FE682 /* main.m */,
				5CFE37721CB8F13800479F69 /* CTPrefix.pch */,
			);
			name = "Supporting Files";
			sourceTree = "<group>";
		};
		5C10A4481CB80D0C003FE682 /* Delegate */ = {
			isa = PBXGroup;
			children = (
				5C10A44C1CB80DC1003FE682 /* CTAppDelegate.h */,
				5C10A44D1CB80DC1003FE682 /* CTAppDelegate.m */,
			);
			path = Delegate;
			sourceTree = "<group>";
		};
		5C10A4491CB80D8B003FE682 /* Resources */ = {
			isa = PBXGroup;
			children = (
				5C10A4531CB80E7D003FE682 /* Main.storyboard */,
				5C10A44A1CB80D8B003FE682 /* Assets.xcassets */,
			);
			path = Resources;
			sourceTree = "<group>";
		};
		5C10A44F1CB80E0C003FE682 /* Screens */ = {
			isa = PBXGroup;
			children = (
				5CFE37A31CB91FEC00479F69 /* CTBaseController.h */,
				5CFE37A41CB91FEC00479F69 /* CTBaseController.m */,
				5C10A4551CB812D9003FE682 /* CTConnectionScreenController.h */,
				5C10A4561CB812D9003FE682 /* CTConnectionScreenController.m */,
				5CFE376B1CB8DDA300479F69 /* CTStartGameScreenController.h */,
				5CFE376C1CB8DDA300479F69 /* CTStartGameScreenController.m */,
				5CFE37A61CB928FF00479F69 /* CTGameStatusScreenController.h */,
				5CFE37A71CB928FF00479F69 /* CTGameStatusScreenController.m */,
			);
			name = Screens;
			path = ConnectionScreen;
			sourceTree = "<group>";
		};
		5C10A4581CB817D2003FE682 /* ArduinoService */ = {
			isa = PBXGroup;
			children = (
				5C10A4591CB819F6003FE682 /* CTArduinoService.h */,
				5C10A45A1CB819F6003FE682 /* CTArduinoService.m */,
			);
			path = ArduinoService;
			sourceTree = "<group>";
		};
		5CFE37671CB8D91C00479F69 /* Timer */ = {
			isa = PBXGroup;
			children = (
				5CFE37681CB8D91C00479F69 /* CTRepeatTimer.h */,
				5CFE37691CB8D91C00479F69 /* CTRepeatTimer.m */,
			);
			path = Timer;
			sourceTree = "<group>";
		};
		5CFE376E1CB8DDD200479F69 /* NetworkService */ = {
			isa = PBXGroup;
			children = (
				5CFE376F1CB8DDE500479F69 /* CTNetworkService.h */,
				5CFE37701CB8DDE500479F69 /* CTNetworkService.m */,
			);
			path = NetworkService;
			sourceTree = "<group>";
		};
		5CFE37731CB8F2D800479F69 /* Session */ = {
			isa = PBXGroup;
			children = (
				5CFE37741CB8F2F200479F69 /* CTSession.h */,
				5CFE37751CB8F2F200479F69 /* CTSession.m */,
			);
			path = Session;
			sourceTree = "<group>";
		};
		5CFE37771CB9001000479F69 /* Entities */ = {
			isa = PBXGroup;
			children = (
				5CFE37781CB9001A00479F69 /* CTUser.h */,
				5CFE37791CB9001A00479F69 /* CTUser.m */,
				5CFE377B1CB9002400479F69 /* CTGame.h */,
				5CFE377C1CB9002400479F69 /* CTGame.m */,
				5CFE37A01CB91D7500479F69 /* CTShot.h */,
				5CFE37A11CB91D7500479F69 /* CTShot.m */,
			);
			path = Entities;
			sourceTree = "<group>";
		};
		C1ABB10FFB934CCE07F20EAF /* Pods */ = {
			isa = PBXGroup;
			children = (
				1CBAF2376CB93C4E5BB929F3 /* Pods.debug.xcconfig */,
				0B4ED1C9F245A62A72CAAFB7 /* Pods.release.xcconfig */,
			);
			name = Pods;
			sourceTree = "<group>";
		};
/* End PBXGroup section */

/* Begin PBXNativeTarget section */
		5C10A4301CB7F21F003FE682 /* CheckpointTerminal */ = {
			isa = PBXNativeTarget;
			buildConfigurationList = 5C10A4451CB7F21F003FE682 /* Build configuration list for PBXNativeTarget "CheckpointTerminal" */;
			buildPhases = (
				2B72E606712361DAA415FC26 /* Check Pods Manifest.lock */,
				5C10A42D1CB7F21F003FE682 /* Sources */,
				5C10A42E1CB7F21F003FE682 /* Frameworks */,
				5C10A42F1CB7F21F003FE682 /* Resources */,
				5822AA0F8E40CCC68D489741 /* Embed Pods Frameworks */,
				B700523940AE9F6A56186D21 /* Copy Pods Resources */,
			);
			buildRules = (
			);
			dependencies = (
			);
			name = CheckpointTerminal;
			productName = CheckpointTerminal;
			productReference = 5C10A4311CB7F21F003FE682 /* CheckpointTerminal.app */;
			productType = "com.apple.product-type.application";
		};
/* End PBXNativeTarget section */

/* Begin PBXProject section */
		5C10A4291CB7F21F003FE682 /* Project object */ = {
			isa = PBXProject;
			attributes = {
				LastUpgradeCheck = 0730;
				ORGANIZATIONNAME = Streetmage;
				TargetAttributes = {
					5C10A4301CB7F21F003FE682 = {
						CreatedOnToolsVersion = 7.3;
					};
				};
			};
			buildConfigurationList = 5C10A42C1CB7F21F003FE682 /* Build configuration list for PBXProject "CheckpointTerminal" */;
			compatibilityVersion = "Xcode 3.2";
			developmentRegion = English;
			hasScannedForEncodings = 0;
			knownRegions = (
				en,
				Base,
			);
			mainGroup = 5C10A4281CB7F21F003FE682;
			productRefGroup = 5C10A4321CB7F21F003FE682 /* Products */;
			projectDirPath = "";
			projectRoot = "";
			targets = (
				5C10A4301CB7F21F003FE682 /* CheckpointTerminal */,
			);
		};
/* End PBXProject section */

/* Begin PBXResourcesBuildPhase section */
		5C10A42F1CB7F21F003FE682 /* Resources */ = {
			isa = PBXResourcesBuildPhase;
			buildActionMask = 2147483647;
			files = (
				5C10A44B1CB80D8B003FE682 /* Assets.xcassets in Resources */,
				5C10A4541CB80E7D003FE682 /* Main.storyboard in Resources */,
			);
			runOnlyForDeploymentPostprocessing = 0;
		};
/* End PBXResourcesBuildPhase section */

/* Begin PBXShellScriptBuildPhase section */
		2B72E606712361DAA415FC26 /* Check Pods Manifest.lock */ = {
			isa = PBXShellScriptBuildPhase;
			buildActionMask = 2147483647;
			files = (
			);
			inputPaths = (
			);
			name = "Check Pods Manifest.lock";
			outputPaths = (
			);
			runOnlyForDeploymentPostprocessing = 0;
			shellPath = /bin/sh;
			shellScript = "diff \"${PODS_ROOT}/../Podfile.lock\" \"${PODS_ROOT}/Manifest.lock\" > /dev/null\nif [[ $? != 0 ]] ; then\n    cat << EOM\nerror: The sandbox is not in sync with the Podfile.lock. Run 'pod install' or update your CocoaPods installation.\nEOM\n    exit 1\nfi\n";
			showEnvVarsInLog = 0;
		};
		5822AA0F8E40CCC68D489741 /* Embed Pods Frameworks */ = {
			isa = PBXShellScriptBuildPhase;
			buildActionMask = 2147483647;
			files = (
			);
			inputPaths = (
			);
			name = "Embed Pods Frameworks";
			outputPaths = (
			);
			runOnlyForDeploymentPostprocessing = 0;
			shellPath = /bin/sh;
			shellScript = "\"${SRCROOT}/Pods/Target Support Files/Pods/Pods-frameworks.sh\"\n";
			showEnvVarsInLog = 0;
		};
		B700523940AE9F6A56186D21 /* Copy Pods Resources */ = {
			isa = PBXShellScriptBuildPhase;
			buildActionMask = 2147483647;
			files = (
			);
			inputPaths = (
			);
			name = "Copy Pods Resources";
			outputPaths = (
			);
			runOnlyForDeploymentPostprocessing = 0;
			shellPath = /bin/sh;
			shellScript = "\"${SRCROOT}/Pods/Target Support Files/Pods/Pods-resources.sh\"\n";
			showEnvVarsInLog = 0;
		};
/* End PBXShellScriptBuildPhase section */

/* Begin PBXSourcesBuildPhase section */
		5C10A42D1CB7F21F003FE682 /* Sources */ = {
			isa = PBXSourcesBuildPhase;
			buildActionMask = 2147483647;
			files = (
				5C10A4571CB812D9003FE682 /* CTConnectionScreenController.m in Sources */,
				5CFE376D1CB8DDA300479F69 /* CTStartGameScreenController.m in Sources */,
				5CFE376A1CB8D91C00479F69 /* CTRepeatTimer.m in Sources */,
				5C10A4391CB7F21F003FE682 /* main.m in Sources */,
				5CFE37A91CB928FF00479F69 /* CTGameStatusScreenController.m in Sources */,
				5CFE37761CB8F2F200479F69 /* CTSession.m in Sources */,
				5C10A44E1CB80DC1003FE682 /* CTAppDelegate.m in Sources */,
				5C10A45B1CB819F6003FE682 /* CTArduinoService.m in Sources */,
				5CFE37A51CB91FEC00479F69 /* CTBaseController.m in Sources */,
				5CFE37A21CB91D7500479F69 /* CTShot.m in Sources */,
				5CFE377A1CB9001A00479F69 /* CTUser.m in Sources */,
				5CFE377D1CB9002400479F69 /* CTGame.m in Sources */,
				5CFE37711CB8DDE500479F69 /* CTNetworkService.m in Sources */,
			);
			runOnlyForDeploymentPostprocessing = 0;
		};
/* End PBXSourcesBuildPhase section */

/* Begin XCBuildConfiguration section */
		5C10A4431CB7F21F003FE682 /* Debug */ = {
			isa = XCBuildConfiguration;
			buildSettings = {
				ALWAYS_SEARCH_USER_PATHS = NO;
				CLANG_ANALYZER_NONNULL = YES;
				CLANG_CXX_LANGUAGE_STANDARD = "gnu++0x";
				CLANG_CXX_LIBRARY = "libc++";
				CLANG_ENABLE_MODULES = YES;
				CLANG_ENABLE_OBJC_ARC = YES;
				CLANG_WARN_BOOL_CONVERSION = YES;
				CLANG_WARN_CONSTANT_CONVERSION = YES;
				CLANG_WARN_DIRECT_OBJC_ISA_USAGE = YES_ERROR;
				CLANG_WARN_EMPTY_BODY = YES;
				CLANG_WARN_ENUM_CONVERSION = YES;
				CLANG_WARN_INT_CONVERSION = YES;
				CLANG_WARN_OBJC_ROOT_CLASS = YES_ERROR;
				CLANG_WARN_UNREACHABLE_CODE = YES;
				CLANG_WARN__DUPLICATE_METHOD_MATCH = YES;
				CODE_SIGN_IDENTITY = "-";
				COPY_PHASE_STRIP = NO;
				DEBUG_INFORMATION_FORMAT = dwarf;
				ENABLE_STRICT_OBJC_MSGSEND = YES;
				ENABLE_TESTABILITY = YES;
				GCC_C_LANGUAGE_STANDARD = gnu99;
				GCC_DYNAMIC_NO_PIC = NO;
				GCC_NO_COMMON_BLOCKS = YES;
				GCC_OPTIMIZATION_LEVEL = 0;
				GCC_PREPROCESSOR_DEFINITIONS = (
					"DEBUG=1",
					"$(inherited)",
				);
				GCC_WARN_64_TO_32_BIT_CONVERSION = YES;
				GCC_WARN_ABOUT_RETURN_TYPE = YES_ERROR;
				GCC_WARN_UNDECLARED_SELECTOR = YES;
				GCC_WARN_UNINITIALIZED_AUTOS = YES_AGGRESSIVE;
				GCC_WARN_UNUSED_FUNCTION = YES;
				GCC_WARN_UNUSED_VARIABLE = YES;
				MACOSX_DEPLOYMENT_TARGET = 10.11;
				MTL_ENABLE_DEBUG_INFO = YES;
				ONLY_ACTIVE_ARCH = YES;
				SDKROOT = macosx;
			};
			name = Debug;
		};
		5C10A4441CB7F21F003FE682 /* Release */ = {
			isa = XCBuildConfiguration;
			buildSettings = {
				ALWAYS_SEARCH_USER_PATHS = NO;
				CLANG_ANALYZER_NONNULL = YES;
				CLANG_CXX_LANGUAGE_STANDARD = "gnu++0x";
				CLANG_CXX_LIBRARY = "libc++";
				CLANG_ENABLE_MODULES = YES;
				CLANG_ENABLE_OBJC_ARC = YES;
				CLANG_WARN_BOOL_CONVERSION = YES;
				CLANG_WARN_CONSTANT_CONVERSION = YES;
				CLANG_WARN_DIRECT_OBJC_ISA_USAGE = YES_ERROR;
				CLANG_WARN_EMPTY_BODY = YES;
				CLANG_WARN_ENUM_CONVERSION = YES;
				CLANG_WARN_INT_CONVERSION = YES;
				CLANG_WARN_OBJC_ROOT_CLASS = YES_ERROR;
				CLANG_WARN_UNREACHABLE_CODE = YES;
				CLANG_WARN__DUPLICATE_METHOD_MATCH = YES;
				CODE_SIGN_IDENTITY = "-";
				COPY_PHASE_STRIP = NO;
				DEBUG_INFORMATION_FORMAT = "dwarf-with-dsym";
				ENABLE_NS_ASSERTIONS = NO;
				ENABLE_STRICT_OBJC_MSGSEND = YES;
				GCC_C_LANGUAGE_STANDARD = gnu99;
				GCC_NO_COMMON_BLOCKS = YES;
				GCC_WARN_64_TO_32_BIT_CONVERSION = YES;
				GCC_WARN_ABOUT_RETURN_TYPE = YES_ERROR;
				GCC_WARN_UNDECLARED_SELECTOR = YES;
				GCC_WARN_UNINITIALIZED_AUTOS = YES_AGGRESSIVE;
				GCC_WARN_UNUSED_FUNCTION = YES;
				GCC_WARN_UNUSED_VARIABLE = YES;
				MACOSX_DEPLOYMENT_TARGET = 10.11;
				MTL_ENABLE_DEBUG_INFO = NO;
				SDKROOT = macosx;
			};
			name = Release;
		};
		5C10A4461CB7F21F003FE682 /* Debug */ = {
			isa = XCBuildConfiguration;
			baseConfigurationReference = 1CBAF2376CB93C4E5BB929F3 /* Pods.debug.xcconfig */;
			buildSettings = {
				ASSETCATALOG_COMPILER_APPICON_NAME = AppIcon;
				COMBINE_HIDPI_IMAGES = YES;
				GCC_PRECOMPILE_PREFIX_HEADER = YES;
				GCC_PREFIX_HEADER = CheckpointTerminal/CTPrefix.pch;
				INFOPLIST_FILE = CheckpointTerminal/Info.plist;
				LD_RUNPATH_SEARCH_PATHS = "$(inherited) @executable_path/../Frameworks";
				PRODUCT_BUNDLE_IDENTIFIER = com.streetmage.CheckpointTerminal;
				PRODUCT_NAME = "$(TARGET_NAME)";
			};
			name = Debug;
		};
		5C10A4471CB7F21F003FE682 /* Release */ = {
			isa = XCBuildConfiguration;
			baseConfigurationReference = 0B4ED1C9F245A62A72CAAFB7 /* Pods.release.xcconfig */;
			buildSettings = {
				ASSETCATALOG_COMPILER_APPICON_NAME = AppIcon;
				COMBINE_HIDPI_IMAGES = YES;
				GCC_PRECOMPILE_PREFIX_HEADER = YES;
				GCC_PREFIX_HEADER = CheckpointTerminal/CTPrefix.pch;
				INFOPLIST_FILE = CheckpointTerminal/Info.plist;
				LD_RUNPATH_SEARCH_PATHS = "$(inherited) @executable_path/../Frameworks";
				PRODUCT_BUNDLE_IDENTIFIER = com.streetmage.CheckpointTerminal;
				PRODUCT_NAME = "$(TARGET_NAME)";
			};
			name = Release;
		};
/* End XCBuildConfiguration section */

/* Begin XCConfigurationList section */
		5C10A42C1CB7F21F003FE682 /* Build configuration list for PBXProject "CheckpointTerminal" */ = {
			isa = XCConfigurationList;
			buildConfigurations = (
				5C10A4431CB7F21F003FE682 /* Debug */,
				5C10A4441CB7F21F003FE682 /* Release */,
			);
			defaultConfigurationIsVisible = 0;
			defaultConfigurationName = Release;
		};
		5C10A4451CB7F21F003FE682 /* Build configuration list for PBXNativeTarget "CheckpointTerminal" */ = {
			isa = XCConfigurationList;
			buildConfigurations = (
				5C10A4461CB7F21F003FE682 /* Debug */,
				5C10A4471CB7F21F003FE682 /* Release */,
			);
			defaultConfigurationIsVisible = 0;
			defaultConfigurationName = Release;
		};
/* End XCConfigurationList section */
	};
	rootObject = 5C10A4291CB7F21F003FE682 /* Project object */;
}
